
Microsoft Visual Studio Solution File, Format Version 12.00
# Visual Studio Version 16
VisualStudioVersion = 16.0.30907.101
MinimumVisualStudioVersion = 10.0.40219.1
Project("{FAE04EC0-301F-11D3-BF4B-00C04F79EFBC}") = "ASP.NET_Calculator", "ASP.NET_Calculator\ASP.NET_Calculator.csproj", "{B510162F-48D1-41F2-A801-63A30F74A904}"
EndProject
Global
	GlobalSection(SolutionConfigurationPlatforms) = preSolution
		Debug|Any CPU = Debug|Any CPU
		Release|Any CPU = Release|Any CPU
	EndGlobalSection
	GlobalSection(ProjectConfigurationPlatforms) = postSolution
		{B510162F-48D1-41F2-A801-63A30F74A904}.Debug|Any CPU.ActiveCfg = Debug|Any CPU
		{B510162F-48D1-41F2-A801-63A30F74A904}.Debug|Any CPU.Build.0 = Debug|Any CPU
		{B510162F-48D1-41F2-A801-63A30F74A904}.Release|Any CPU.ActiveCfg = Release|Any CPU
		{B510162F-48D1-41F2-A801-63A30F74A904}.Release|Any CPU.Build.0 = Release|Any CPU
	EndGlobalSection
	GlobalSection(SolutionProperties) = preSolution
		HideSolutionNode = FALSE
	EndGlobalSection
	GlobalSection(ExtensibilityGlobals) = postSolution
		SolutionGuid = {76AAE22A-81EA-4080-AF0A-4894A91370AF}
	EndGlobalSection
EndGlobal
